// !$*UTF8*$!
{
	archiveVersion = 1;
	classes = {
	};
	objectVersion = 46;
	objects = {

/* Begin PBXBuildFile section */
		27ED56C51A6ADFCE0016AB24 /* Bolts.framework in Frameworks */ = {isa = PBXBuildFile; fileRef = 27ED56C41A6ADFCE0016AB24 /* Bolts.framework */; };
		27ED56C71A6ADFD30016AB24 /* Parse.framework in Frameworks */ = {isa = PBXBuildFile; fileRef = 27ED56C61A6ADFD30016AB24 /* Parse.framework */; };
		27ED56D21A6AE0240016AB24 /* AudioToolbox.framework in Frameworks */ = {isa = PBXBuildFile; fileRef = 27ED56C81A6AE0240016AB24 /* AudioToolbox.framework */; };
		27ED56D31A6AE0240016AB24 /* CFNetwork.framework in Frameworks */ = {isa = PBXBuildFile; fileRef = 27ED56C91A6AE0240016AB24 /* CFNetwork.framework */; };
		27ED56D41A6AE0240016AB24 /* CoreGraphics.framework in Frameworks */ = {isa = PBXBuildFile; fileRef = 27ED56CA1A6AE0240016AB24 /* CoreGraphics.framework */; };
		27ED56D51A6AE0240016AB24 /* CoreLocation.framework in Frameworks */ = {isa = PBXBuildFile; fileRef = 27ED56CB1A6AE0240016AB24 /* CoreLocation.framework */; };
		27ED56D61A6AE0240016AB24 /* libz.dylib in Frameworks */ = {isa = PBXBuildFile; fileRef = 27ED56CC1A6AE0240016AB24 /* libz.dylib */; };
		27ED56D71A6AE0240016AB24 /* MobileCoreServices.framework in Frameworks */ = {isa = PBXBuildFile; fileRef = 27ED56CD1A6AE0240016AB24 /* MobileCoreServices.framework */; };
		27ED56D81A6AE0240016AB24 /* QuartzCore.framework in Frameworks */ = {isa = PBXBuildFile; fileRef = 27ED56CE1A6AE0240016AB24 /* QuartzCore.framework */; };
		27ED56D91A6AE0240016AB24 /* Security.framework in Frameworks */ = {isa = PBXBuildFile; fileRef = 27ED56CF1A6AE0240016AB24 /* Security.framework */; };
		27ED56DA1A6AE0240016AB24 /* StoreKit.framework in Frameworks */ = {isa = PBXBuildFile; fileRef = 27ED56D01A6AE0240016AB24 /* StoreKit.framework */; };
		27ED56DB1A6AE0240016AB24 /* SystemConfiguration.framework in Frameworks */ = {isa = PBXBuildFile; fileRef = 27ED56D11A6AE0240016AB24 /* SystemConfiguration.framework */; };
		27ED56DD1A6AE23A0016AB24 /* libsqlite3.dylib in Frameworks */ = {isa = PBXBuildFile; fileRef = 27ED56DC1A6AE23A0016AB24 /* libsqlite3.dylib */; };
		878CA78A1A6ADD9100ADEF0F /* AppDelegate.swift in Sources */ = {isa = PBXBuildFile; fileRef = 878CA7891A6ADD9100ADEF0F /* AppDelegate.swift */; };
		878CA78D1A6ADD9100ADEF0F /* T_Swizzle.xcdatamodeld in Sources */ = {isa = PBXBuildFile; fileRef = 878CA78B1A6ADD9100ADEF0F /* T_Swizzle.xcdatamodeld */; };
		878CA78F1A6ADD9100ADEF0F /* ViewController.swift in Sources */ = {isa = PBXBuildFile; fileRef = 878CA78E1A6ADD9100ADEF0F /* ViewController.swift */; };
		878CA7921A6ADD9100ADEF0F /* Main.storyboard in Resources */ = {isa = PBXBuildFile; fileRef = 878CA7901A6ADD9100ADEF0F /* Main.storyboard */; };
		878CA7941A6ADD9100ADEF0F /* Images.xcassets in Resources */ = {isa = PBXBuildFile; fileRef = 878CA7931A6ADD9100ADEF0F /* Images.xcassets */; };
		878CA7971A6ADD9100ADEF0F /* LaunchScreen.xib in Resources */ = {isa = PBXBuildFile; fileRef = 878CA7951A6ADD9100ADEF0F /* LaunchScreen.xib */; };
		878CA7A31A6ADD9100ADEF0F /* T_SwizzleTests.swift in Sources */ = {isa = PBXBuildFile; fileRef = 878CA7A21A6ADD9100ADEF0F /* T_SwizzleTests.swift */; };
/* End PBXBuildFile section */

/* Begin PBXContainerItemProxy section */
		878CA79D1A6ADD9100ADEF0F /* PBXContainerItemProxy */ = {
			isa = PBXContainerItemProxy;
			containerPortal = 878CA77C1A6ADD9100ADEF0F /* Project object */;
			proxyType = 1;
			remoteGlobalIDString = 878CA7831A6ADD9100ADEF0F;
			remoteInfo = "T-Swizzle";
		};
/* End PBXContainerItemProxy section */

/* Begin PBXFileReference section */
		27ED56C01A6ADFAF0016AB24 /* T-Swizzle-Bridging-Header.h */ = {isa = PBXFileReference; lastKnownFileType = sourcecode.c.h; path = "T-Swizzle-Bridging-Header.h"; sourceTree = "<group>"; };
		27ED56C41A6ADFCE0016AB24 /* Bolts.framework */ = {isa = PBXFileReference; lastKnownFileType = wrapper.framework; name = Bolts.framework; path = "../../../Downloads/parse-library-1.6.1/Bolts.framework"; sourceTree = "<group>"; };
		27ED56C61A6ADFD30016AB24 /* Parse.framework */ = {isa = PBXFileReference; lastKnownFileType = wrapper.framework; name = Parse.framework; path = "../../../Downloads/parse-library-1.6.1/Parse.framework"; sourceTree = "<group>"; };
		27ED56C81A6AE0240016AB24 /* AudioToolbox.framework */ = {isa = PBXFileReference; lastKnownFileType = wrapper.framework; name = AudioToolbox.framework; path = System/Library/Frameworks/AudioToolbox.framework; sourceTree = SDKROOT; };
		27ED56C91A6AE0240016AB24 /* CFNetwork.framework */ = {isa = PBXFileReference; lastKnownFileType = wrapper.framework; name = CFNetwork.framework; path = System/Library/Frameworks/CFNetwork.framework; sourceTree = SDKROOT; };
		27ED56CA1A6AE0240016AB24 /* CoreGraphics.framework */ = {isa = PBXFileReference; lastKnownFileType = wrapper.framework; name = CoreGraphics.framework; path = System/Library/Frameworks/CoreGraphics.framework; sourceTree = SDKROOT; };
		27ED56CB1A6AE0240016AB24 /* CoreLocation.framework */ = {isa = PBXFileReference; lastKnownFileType = wrapper.framework; name = CoreLocation.framework; path = System/Library/Frameworks/CoreLocation.framework; sourceTree = SDKROOT; };
		27ED56CC1A6AE0240016AB24 /* libz.dylib */ = {isa = PBXFileReference; lastKnownFileType = "compiled.mach-o.dylib"; name = libz.dylib; path = usr/lib/libz.dylib; sourceTree = SDKROOT; };
		27ED56CD1A6AE0240016AB24 /* MobileCoreServices.framework */ = {isa = PBXFileReference; lastKnownFileType = wrapper.framework; name = MobileCoreServices.framework; path = System/Library/Frameworks/MobileCoreServices.framework; sourceTree = SDKROOT; };
		27ED56CE1A6AE0240016AB24 /* QuartzCore.framework */ = {isa = PBXFileReference; lastKnownFileType = wrapper.framework; name = QuartzCore.framework; path = System/Library/Frameworks/QuartzCore.framework; sourceTree = SDKROOT; };
		27ED56CF1A6AE0240016AB24 /* Security.framework */ = {isa = PBXFileReference; lastKnownFileType = wrapper.framework; name = Security.framework; path = System/Library/Frameworks/Security.framework; sourceTree = SDKROOT; };
		27ED56D01A6AE0240016AB24 /* StoreKit.framework */ = {isa = PBXFileReference; lastKnownFileType = wrapper.framework; name = StoreKit.framework; path = System/Library/Frameworks/StoreKit.framework; sourceTree = SDKROOT; };
		27ED56D11A6AE0240016AB24 /* SystemConfiguration.framework */ = {isa = PBXFileReference; lastKnownFileType = wrapper.framework; name = SystemConfiguration.framework; path = System/Library/Frameworks/SystemConfiguration.framework; sourceTree = SDKROOT; };
		27ED56DC1A6AE23A0016AB24 /* libsqlite3.dylib */ = {isa = PBXFileReference; lastKnownFileType = "compiled.mach-o.dylib"; name = libsqlite3.dylib; path = usr/lib/libsqlite3.dylib; sourceTree = SDKROOT; };
		878CA7841A6ADD9100ADEF0F /* T-Swizzle.app */ = {isa = PBXFileReference; explicitFileType = wrapper.application; includeInIndex = 0; path = "T-Swizzle.app"; sourceTree = BUILT_PRODUCTS_DIR; };
		878CA7881A6ADD9100ADEF0F /* Info.plist */ = {isa = PBXFileReference; lastKnownFileType = text.plist.xml; path = Info.plist; sourceTree = "<group>"; };
		878CA7891A6ADD9100ADEF0F /* AppDelegate.swift */ = {isa = PBXFileReference; lastKnownFileType = sourcecode.swift; path = AppDelegate.swift; sourceTree = "<group>"; };
		878CA78C1A6ADD9100ADEF0F /* T_Swizzle.xcdatamodel */ = {isa = PBXFileReference; lastKnownFileType = wrapper.xcdatamodel; path = T_Swizzle.xcdatamodel; sourceTree = "<group>"; };
		878CA78E1A6ADD9100ADEF0F /* ViewController.swift */ = {isa = PBXFileReference; lastKnownFileType = sourcecode.swift; path = ViewController.swift; sourceTree = "<group>"; };
		878CA7911A6ADD9100ADEF0F /* Base */ = {isa = PBXFileReference; lastKnownFileType = file.storyboard; name = Base; path = Base.lproj/Main.storyboard; sourceTree = "<group>"; };
		878CA7931A6ADD9100ADEF0F /* Images.xcassets */ = {isa = PBXFileReference; lastKnownFileType = folder.assetcatalog; path = Images.xcassets; sourceTree = "<group>"; };
		878CA7961A6ADD9100ADEF0F /* Base */ = {isa = PBXFileReference; lastKnownFileType = file.xib; name = Base; path = Base.lproj/LaunchScreen.xib; sourceTree = "<group>"; };
		878CA79C1A6ADD9100ADEF0F /* T-SwizzleTests.xctest */ = {isa = PBXFileReference; explicitFileType = wrapper.cfbundle; includeInIndex = 0; path = "T-SwizzleTests.xctest"; sourceTree = BUILT_PRODUCTS_DIR; };
		878CA7A11A6ADD9100ADEF0F /* Info.plist */ = {isa = PBXFileReference; lastKnownFileType = text.plist.xml; path = Info.plist; sourceTree = "<group>"; };
		878CA7A21A6ADD9100ADEF0F /* T_SwizzleTests.swift */ = {isa = PBXFileReference; lastKnownFileType = sourcecode.swift; path = T_SwizzleTests.swift; sourceTree = "<group>"; };
/* End PBXFileReference section */

/* Begin PBXFrameworksBuildPhase section */
		878CA7811A6ADD9100ADEF0F /* Frameworks */ = {
			isa = PBXFrameworksBuildPhase;
			buildActionMask = 2147483647;
			files = (
				27ED56DD1A6AE23A0016AB24 /* libsqlite3.dylib in Frameworks */,
				27ED56D21A6AE0240016AB24 /* AudioToolbox.framework in Frameworks */,
				27ED56D31A6AE0240016AB24 /* CFNetwork.framework in Frameworks */,
				27ED56D41A6AE0240016AB24 /* CoreGraphics.framework in Frameworks */,
				27ED56D51A6AE0240016AB24 /* CoreLocation.framework in Frameworks */,
				27ED56D61A6AE0240016AB24 /* libz.dylib in Frameworks */,
				27ED56D71A6AE0240016AB24 /* MobileCoreServices.framework in Frameworks */,
				27ED56D81A6AE0240016AB24 /* QuartzCore.framework in Frameworks */,
				27ED56D91A6AE0240016AB24 /* Security.framework in Frameworks */,
				27ED56DA1A6AE0240016AB24 /* StoreKit.framework in Frameworks */,
				27ED56DB1A6AE0240016AB24 /* SystemConfiguration.framework in Frameworks */,
				27ED56C71A6ADFD30016AB24 /* Parse.framework in Frameworks */,
				27ED56C51A6ADFCE0016AB24 /* Bolts.framework in Frameworks */,
			);
			runOnlyForDeploymentPostprocessing = 0;
		};
		878CA7991A6ADD9100ADEF0F /* Frameworks */ = {
			isa = PBXFrameworksBuildPhase;
			buildActionMask = 2147483647;
			files = (
			);
			runOnlyForDeploymentPostprocessing = 0;
		};
/* End PBXFrameworksBuildPhase section */

/* Begin PBXGroup section */
		27ED56C31A6ADFC60016AB24 /* Frameworks */ = {
			isa = PBXGroup;
			children = (
				27ED56DC1A6AE23A0016AB24 /* libsqlite3.dylib */,
				27ED56C81A6AE0240016AB24 /* AudioToolbox.framework */,
				27ED56C91A6AE0240016AB24 /* CFNetwork.framework */,
				27ED56CA1A6AE0240016AB24 /* CoreGraphics.framework */,
				27ED56CB1A6AE0240016AB24 /* CoreLocation.framework */,
				27ED56CC1A6AE0240016AB24 /* libz.dylib */,
				27ED56CD1A6AE0240016AB24 /* MobileCoreServices.framework */,
				27ED56CE1A6AE0240016AB24 /* QuartzCore.framework */,
				27ED56CF1A6AE0240016AB24 /* Security.framework */,
				27ED56D01A6AE0240016AB24 /* StoreKit.framework */,
				27ED56D11A6AE0240016AB24 /* SystemConfiguration.framework */,
				27ED56C61A6ADFD30016AB24 /* Parse.framework */,
				27ED56C41A6ADFCE0016AB24 /* Bolts.framework */,
			);
			name = Frameworks;
			sourceTree = "<group>";
		};
		878CA77B1A6ADD9100ADEF0F = {
			isa = PBXGroup;
			children = (
				27ED56C31A6ADFC60016AB24 /* Frameworks */,
				878CA7861A6ADD9100ADEF0F /* T-Swizzle */,
				878CA79F1A6ADD9100ADEF0F /* T-SwizzleTests */,
				878CA7851A6ADD9100ADEF0F /* Products */,
			);
			sourceTree = "<group>";
		};
		878CA7851A6ADD9100ADEF0F /* Products */ = {
			isa = PBXGroup;
			children = (
				878CA7841A6ADD9100ADEF0F /* T-Swizzle.app */,
				878CA79C1A6ADD9100ADEF0F /* T-SwizzleTests.xctest */,
			);
			name = Products;
			sourceTree = "<group>";
		};
		878CA7861A6ADD9100ADEF0F /* T-Swizzle */ = {
			isa = PBXGroup;
			children = (
				878CA7891A6ADD9100ADEF0F /* AppDelegate.swift */,
				878CA78E1A6ADD9100ADEF0F /* ViewController.swift */,
				878CA7901A6ADD9100ADEF0F /* Main.storyboard */,
				878CA7931A6ADD9100ADEF0F /* Images.xcassets */,
				878CA7951A6ADD9100ADEF0F /* LaunchScreen.xib */,
				878CA78B1A6ADD9100ADEF0F /* T_Swizzle.xcdatamodeld */,
				878CA7871A6ADD9100ADEF0F /* Supporting Files */,
				27ED56C01A6ADFAF0016AB24 /* T-Swizzle-Bridging-Header.h */,
			);
			path = "T-Swizzle";
			sourceTree = "<group>";
		};
		878CA7871A6ADD9100ADEF0F /* Supporting Files */ = {
			isa = PBXGroup;
			children = (
				878CA7881A6ADD9100ADEF0F /* Info.plist */,
			);
			name = "Supporting Files";
			sourceTree = "<group>";
		};
		878CA79F1A6ADD9100ADEF0F /* T-SwizzleTests */ = {
			isa = PBXGroup;
			children = (
				878CA7A21A6ADD9100ADEF0F /* T_SwizzleTests.swift */,
				878CA7A01A6ADD9100ADEF0F /* Supporting Files */,
			);
			path = "T-SwizzleTests";
			sourceTree = "<group>";
		};
		878CA7A01A6ADD9100ADEF0F /* Supporting Files */ = {
			isa = PBXGroup;
			children = (
				878CA7A11A6ADD9100ADEF0F /* Info.plist */,
			);
			name = "Supporting Files";
			sourceTree = "<group>";
		};
/* End PBXGroup section */

/* Begin PBXNativeTarget section */
		878CA7831A6ADD9100ADEF0F /* T-Swizzle */ = {
			isa = PBXNativeTarget;
			buildConfigurationList = 878CA7A61A6ADD9100ADEF0F /* Build configuration list for PBXNativeTarget "T-Swizzle" */;
			buildPhases = (
				878CA7801A6ADD9100ADEF0F /* Sources */,
				878CA7811A6ADD9100ADEF0F /* Frameworks */,
				878CA7821A6ADD9100ADEF0F /* Resources */,
			);
			buildRules = (
			);
			dependencies = (
			);
			name = "T-Swizzle";
			productName = "T-Swizzle";
			productReference = 878CA7841A6ADD9100ADEF0F /* T-Swizzle.app */;
			productType = "com.apple.product-type.application";
		};
		878CA79B1A6ADD9100ADEF0F /* T-SwizzleTests */ = {
			isa = PBXNativeTarget;
			buildConfigurationList = 878CA7A91A6ADD9100ADEF0F /* Build configuration list for PBXNativeTarget "T-SwizzleTests" */;
			buildPhases = (
				878CA7981A6ADD9100ADEF0F /* Sources */,
				878CA7991A6ADD9100ADEF0F /* Frameworks */,
				878CA79A1A6ADD9100ADEF0F /* Resources */,
			);
			buildRules = (
			);
			dependencies = (
				878CA79E1A6ADD9100ADEF0F /* PBXTargetDependency */,
			);
			name = "T-SwizzleTests";
			productName = "T-SwizzleTests";
			productReference = 878CA79C1A6ADD9100ADEF0F /* T-SwizzleTests.xctest */;
			productType = "com.apple.product-type.bundle.unit-test";
		};
/* End PBXNativeTarget section */

/* Begin PBXProject section */
		878CA77C1A6ADD9100ADEF0F /* Project object */ = {
			isa = PBXProject;
			attributes = {
				LastUpgradeCheck = 0610;
				ORGANIZATIONNAME = tswizzle;
				TargetAttributes = {
					878CA7831A6ADD9100ADEF0F = {
						CreatedOnToolsVersion = 6.1.1;
					};
					878CA79B1A6ADD9100ADEF0F = {
						CreatedOnToolsVersion = 6.1.1;
						TestTargetID = 878CA7831A6ADD9100ADEF0F;
					};
				};
			};
			buildConfigurationList = 878CA77F1A6ADD9100ADEF0F /* Build configuration list for PBXProject "T-Swizzle" */;
			compatibilityVersion = "Xcode 3.2";
			developmentRegion = English;
			hasScannedForEncodings = 0;
			knownRegions = (
				en,
				Base,
			);
			mainGroup = 878CA77B1A6ADD9100ADEF0F;
			productRefGroup = 878CA7851A6ADD9100ADEF0F /* Products */;
			projectDirPath = "";
			projectRoot = "";
			targets = (
				878CA7831A6ADD9100ADEF0F /* T-Swizzle */,
				878CA79B1A6ADD9100ADEF0F /* T-SwizzleTests */,
			);
		};
/* End PBXProject section */

/* Begin PBXResourcesBuildPhase section */
		878CA7821A6ADD9100ADEF0F /* Resources */ = {
			isa = PBXResourcesBuildPhase;
			buildActionMask = 2147483647;
			files = (
				878CA7921A6ADD9100ADEF0F /* Main.storyboard in Resources */,
				878CA7971A6ADD9100ADEF0F /* LaunchScreen.xib in Resources */,
				878CA7941A6ADD9100ADEF0F /* Images.xcassets in Resources */,
			);
			runOnlyForDeploymentPostprocessing = 0;
		};
		878CA79A1A6ADD9100ADEF0F /* Resources */ = {
			isa = PBXResourcesBuildPhase;
			buildActionMask = 2147483647;
			files = (
			);
			runOnlyForDeploymentPostprocessing = 0;
		};
/* End PBXResourcesBuildPhase section */

/* Begin PBXSourcesBuildPhase section */
		878CA7801A6ADD9100ADEF0F /* Sources */ = {
			isa = PBXSourcesBuildPhase;
			buildActionMask = 2147483647;
			files = (
				878CA78F1A6ADD9100ADEF0F /* ViewController.swift in Sources */,
				878CA78A1A6ADD9100ADEF0F /* AppDelegate.swift in Sources */,
				878CA78D1A6ADD9100ADEF0F /* T_Swizzle.xcdatamodeld in Sources */,
			);
			runOnlyForDeploymentPostprocessing = 0;
		};
		878CA7981A6ADD9100ADEF0F /* Sources */ = {
			isa = PBXSourcesBuildPhase;
			buildActionMask = 2147483647;
			files = (
				878CA7A31A6ADD9100ADEF0F /* T_SwizzleTests.swift in Sources */,
			);
			runOnlyForDeploymentPostprocessing = 0;
		};
/* End PBXSourcesBuildPhase section */

/* Begin PBXTargetDependency section */
		878CA79E1A6ADD9100ADEF0F /* PBXTargetDependency */ = {
			isa = PBXTargetDependency;
			target = 878CA7831A6ADD9100ADEF0F /* T-Swizzle */;
			targetProxy = 878CA79D1A6ADD9100ADEF0F /* PBXContainerItemProxy */;
		};
/* End PBXTargetDependency section */

/* Begin PBXVariantGroup section */
		878CA7901A6ADD9100ADEF0F /* Main.storyboard */ = {
			isa = PBXVariantGroup;
			children = (
				878CA7911A6ADD9100ADEF0F /* Base */,
			);
			name = Main.storyboard;
			sourceTree = "<group>";
		};
		878CA7951A6ADD9100ADEF0F /* LaunchScreen.xib */ = {
			isa = PBXVariantGroup;
			children = (
				878CA7961A6ADD9100ADEF0F /* Base */,
			);
			name = LaunchScreen.xib;
			sourceTree = "<group>";
		};
/* End PBXVariantGroup section */

/* Begin XCBuildConfiguration section */
		878CA7A41A6ADD9100ADEF0F /* Debug */ = {
			isa = XCBuildConfiguration;
			buildSettings = {
				ALWAYS_SEARCH_USER_PATHS = NO;
				CLANG_CXX_LANGUAGE_STANDARD = "gnu++0x";
				CLANG_CXX_LIBRARY = "libc++";
				CLANG_ENABLE_MODULES = YES;
				CLANG_ENABLE_OBJC_ARC = YES;
				CLANG_WARN_BOOL_CONVERSION = YES;
				CLANG_WARN_CONSTANT_CONVERSION = YES;
				CLANG_WARN_DIRECT_OBJC_ISA_USAGE = YES_ERROR;
				CLANG_WARN_EMPTY_BODY = YES;
				CLANG_WARN_ENUM_CONVERSION = YES;
				CLANG_WARN_INT_CONVERSION = YES;
				CLANG_WARN_OBJC_ROOT_CLASS = YES_ERROR;
				CLANG_WARN_UNREACHABLE_CODE = YES;
				CLANG_WARN__DUPLICATE_METHOD_MATCH = YES;
				"CODE_SIGN_IDENTITY[sdk=iphoneos*]" = "iPhone Developer";
				COPY_PHASE_STRIP = NO;
				ENABLE_STRICT_OBJC_MSGSEND = YES;
				GCC_C_LANGUAGE_STANDARD = gnu99;
				GCC_DYNAMIC_NO_PIC = NO;
				GCC_OPTIMIZATION_LEVEL = 0;
				GCC_PREPROCESSOR_DEFINITIONS = (
					"DEBUG=1",
					"$(inherited)",
				);
				GCC_SYMBOLS_PRIVATE_EXTERN = NO;
				GCC_WARN_64_TO_32_BIT_CONVERSION = YES;
				GCC_WARN_ABOUT_RETURN_TYPE = YES_ERROR;
				GCC_WARN_UNDECLARED_SELECTOR = YES;
				GCC_WARN_UNINITIALIZED_AUTOS = YES_AGGRESSIVE;
				GCC_WARN_UNUSED_FUNCTION = YES;
				GCC_WARN_UNUSED_VARIABLE = YES;
				IPHONEOS_DEPLOYMENT_TARGET = 8.1;
				MTL_ENABLE_DEBUG_INFO = YES;
				ONLY_ACTIVE_ARCH = YES;
				SDKROOT = iphoneos;
				SWIFT_OPTIMIZATION_LEVEL = "-Onone";
			};
			name = Debug;
		};
		878CA7A51A6ADD9100ADEF0F /* Release */ = {
			isa = XCBuildConfiguration;
			buildSettings = {
				ALWAYS_SEARCH_USER_PATHS = NO;
				CLANG_CXX_LANGUAGE_STANDARD = "gnu++0x";
				CLANG_CXX_LIBRARY = "libc++";
				CLANG_ENABLE_MODULES = YES;
				CLANG_ENABLE_OBJC_ARC = YES;
				CLANG_WARN_BOOL_CONVERSION = YES;
				CLANG_WARN_CONSTANT_CONVERSION = YES;
				CLANG_WARN_DIRECT_OBJC_ISA_USAGE = YES_ERROR;
				CLANG_WARN_EMPTY_BODY = YES;
				CLANG_WARN_ENUM_CONVERSION = YES;
				CLANG_WARN_INT_CONVERSION = YES;
				CLANG_WARN_OBJC_ROOT_CLASS = YES_ERROR;
				CLANG_WARN_UNREACHABLE_CODE = YES;
				CLANG_WARN__DUPLICATE_METHOD_MATCH = YES;
				"CODE_SIGN_IDENTITY[sdk=iphoneos*]" = "iPhone Developer";
				COPY_PHASE_STRIP = YES;
				ENABLE_NS_ASSERTIONS = NO;
				ENABLE_STRICT_OBJC_MSGSEND = YES;
				GCC_C_LANGUAGE_STANDARD = gnu99;
				GCC_WARN_64_TO_32_BIT_CONVERSION = YES;
				GCC_WARN_ABOUT_RETURN_TYPE = YES_ERROR;
				GCC_WARN_UNDECLARED_SELECTOR = YES;
				GCC_WARN_UNINITIALIZED_AUTOS = YES_AGGRESSIVE;
				GCC_WARN_UNUSED_FUNCTION = YES;
				GCC_WARN_UNUSED_VARIABLE = YES;
				IPHONEOS_DEPLOYMENT_TARGET = 8.1;
				MTL_ENABLE_DEBUG_INFO = NO;
				SDKROOT = iphoneos;
				VALIDATE_PRODUCT = YES;
			};
			name = Release;
		};
		878CA7A71A6ADD9100ADEF0F /* Debug */ = {
			isa = XCBuildConfiguration;
			buildSettings = {
				ASSETCATALOG_COMPILER_APPICON_NAME = AppIcon;
				CLANG_ENABLE_MODULES = YES;
				FRAMEWORK_SEARCH_PATHS = (
					"$(inherited)",
					"/Users/jenniferzhang/Downloads/parse-library-1.6.1",
				);
				INFOPLIST_FILE = "T-Swizzle/Info.plist";
				LD_RUNPATH_SEARCH_PATHS = "$(inherited) @executable_path/Frameworks";
				PRODUCT_NAME = "$(TARGET_NAME)";
				SWIFT_OBJC_BRIDGING_HEADER = "T-Swizzle/T-Swizzle-Bridging-Header.h";
				SWIFT_OPTIMIZATION_LEVEL = "-Onone";
			};
			name = Debug;
		};
		878CA7A81A6ADD9100ADEF0F /* Release */ = {
			isa = XCBuildConfiguration;
			buildSettings = {
				ASSETCATALOG_COMPILER_APPICON_NAME = AppIcon;
				CLANG_ENABLE_MODULES = YES;
				FRAMEWORK_SEARCH_PATHS = (
					"$(inherited)",
					"/Users/jenniferzhang/Downloads/parse-library-1.6.1",
				);
				INFOPLIST_FILE = "T-Swizzle/Info.plist";
				LD_RUNPATH_SEARCH_PATHS = "$(inherited) @executable_path/Frameworks";
				PRODUCT_NAME = "$(TARGET_NAME)";
				SWIFT_OBJC_BRIDGING_HEADER = "T-Swizzle/T-Swizzle-Bridging-Header.h";
			};
			name = Release;
		};
		878CA7AA1A6ADD9100ADEF0F /* Debug */ = {
			isa = XCBuildConfiguration;
			buildSettings = {
				BUNDLE_LOADER = "$(TEST_HOST)";
				FRAMEWORK_SEARCH_PATHS = (
					"$(SDKROOT)/Developer/Library/Frameworks",
					"$(inherited)",
				);
				GCC_PREPROCESSOR_DEFINITIONS = (
					"DEBUG=1",
					"$(inherited)",
				);
				INFOPLIST_FILE = "T-SwizzleTests/Info.plist";
				LD_RUNPATH_SEARCH_PATHS = "$(inherited) @executable_path/Frameworks @loader_path/Frameworks";
				PRODUCT_NAME = "$(TARGET_NAME)";
				TEST_HOST = "$(BUILT_PRODUCTS_DIR)/T-Swizzle.app/T-Swizzle";
			};
			name = Debug;
		};
		878CA7AB1A6ADD9100ADEF0F /* Release */ = {
			isa = XCBuildConfiguration;
			buildSettings = {
				BUNDLE_LOADER = "$(TEST_HOST)";
				FRAMEWORK_SEARCH_PATHS = (
					"$(SDKROOT)/Developer/Library/Frameworks",
					"$(inherited)",
				);
				INFOPLIST_FILE = "T-SwizzleTests/Info.plist";
				LD_RUNPATH_SEARCH_PATHS = "$(inherited) @executable_path/Frameworks @loader_path/Frameworks";
				PRODUCT_NAME = "$(TARGET_NAME)";
				TEST_HOST = "$(BUILT_PRODUCTS_DIR)/T-Swizzle.app/T-Swizzle";
			};
			name = Release;
		};
/* End XCBuildConfiguration section */

/* Begin XCConfigurationList section */
		878CA77F1A6ADD9100ADEF0F /* Build configuration list for PBXProject "T-Swizzle" */ = {
			isa = XCConfigurationList;
			buildConfigurations = (
				878CA7A41A6ADD9100ADEF0F /* Debug */,
				878CA7A51A6ADD9100ADEF0F /* Release */,
			);
			defaultConfigurationIsVisible = 0;
			defaultConfigurationName = Release;
		};
		878CA7A61A6ADD9100ADEF0F /* Build configuration list for PBXNativeTarget "T-Swizzle" */ = {
			isa = XCConfigurationList;
			buildConfigurations = (
				878CA7A71A6ADD9100ADEF0F /* Debug */,
				878CA7A81A6ADD9100ADEF0F /* Release */,
			);
			defaultConfigurationIsVisible = 0;
			defaultConfigurationName = Release;
		};
		878CA7A91A6ADD9100ADEF0F /* Build configuration list for PBXNativeTarget "T-SwizzleTests" */ = {
			isa = XCConfigurationList;
			buildConfigurations = (
				878CA7AA1A6ADD9100ADEF0F /* Debug */,
				878CA7AB1A6ADD9100ADEF0F /* Release */,
			);
			defaultConfigurationIsVisible = 0;
			defaultConfigurationName = Release;
		};
/* End XCConfigurationList section */

/* Begin XCVersionGroup section */
		878CA78B1A6ADD9100ADEF0F /* T_Swizzle.xcdatamodeld */ = {
			isa = XCVersionGroup;
			children = (
				878CA78C1A6ADD9100ADEF0F /* T_Swizzle.xcdatamodel */,
			);
			currentVersion = 878CA78C1A6ADD9100ADEF0F /* T_Swizzle.xcdatamodel */;
			path = T_Swizzle.xcdatamodeld;
			sourceTree = "<group>";
			versionGroupType = wrapper.xcdatamodel;
		};
/* End XCVersionGroup section */
	};
	rootObject = 878CA77C1A6ADD9100ADEF0F /* Project object */;
}
